{
    "_readme": [
        "This file locks the dependencies of your project to a known state",
        "Read more about it at https://getcomposer.org/doc/01-basic-usage.md#installing-dependencies",
        "This file is @generated automatically"
    ],
    "content-hash": "af0a24a6f06b7a8dc4ecd3084647403e",
    "packages": [],
    "packages-dev": [],
    "aliases": [],
    "minimum-stability": "stable",
    "stability-flags": [],
    "prefer-stable": false,
    "prefer-lowest": false,
    "platform": {
        "php": "7.4.*|8.0.*|8.1.*|8.2.*",
        "ext-xml": "*"
    },
    "platform-dev": [],
    "plugin-api-version": "2.6.0"
}
